// !$*UTF8*$!
{
	archiveVersion = 1;
	classes = {
	};
	objectVersion = 56;
	objects = {

/* Begin PBXBuildFile section */
		A10000000000000000000001 /* AppDelegate.swift in Sources */ = {isa = PBXBuildFile; fileRef = A20000000000000000000001 /* AppDelegate.swift */; };
		A10000000000000000000002 /* WebShellViewController.swift in Sources */ = {isa = PBXBuildFile; fileRef = A20000000000000000000002 /* WebShellViewController.swift */; };
		A10000000000000000000003 /* AppConfig.swift in Sources */ = {isa = PBXBuildFile; fileRef = A20000000000000000000003 /* AppConfig.swift */; };
		A10000000000000000000004 /* SessionStore.swift in Sources */ = {isa = PBXBuildFile; fileRef = A20000000000000000000004 /* SessionStore.swift */; };
		A10000000000000000000005 /* SecurityHelper.swift in Sources */ = {isa = PBXBuildFile; fileRef = A20000000000000000000005 /* SecurityHelper.swift */; };
		A10000000000000000000006 /* TrackingApi.swift in Sources */ = {isa = PBXBuildFile; fileRef = A20000000000000000000006 /* TrackingApi.swift */; };
		A10000000000000000000007 /* LocationTracker.swift in Sources */ = {isa = PBXBuildFile; fileRef = A20000000000000000000007 /* LocationTracker.swift */; };
		A10000000000000000000008 /* LaunchScreen.storyboard in Resources */ = {isa = PBXBuildFile; fileRef = A20000000000000000000008 /* LaunchScreen.storyboard */; };
		A10000000000000000000009 /* Assets.xcassets in Resources */ = {isa = PBXBuildFile; fileRef = A20000000000000000000009 /* Assets.xcassets */; };
		A1000000000000000000000A /* PrivacyInfo.xcprivacy in Resources */ = {isa = PBXBuildFile; fileRef = A2000000000000000000000A /* PrivacyInfo.xcprivacy */; };
		A1000000000000000000000B /* AAPAttendanceApp.swift in Sources */ = {isa = PBXBuildFile; fileRef = A2000000000000000000000C /* AAPAttendanceApp.swift */; };
		A1000000000000000000000C /* AapTheme.swift in Sources */ = {isa = PBXBuildFile; fileRef = A2000000000000000000000D /* AapTheme.swift */; };
		A1000000000000000000000D /* ApiClient.swift in Sources */ = {isa = PBXBuildFile; fileRef = A2000000000000000000000E /* ApiClient.swift */; };
		A1000000000000000000000E /* LoginView.swift in Sources */ = {isa = PBXBuildFile; fileRef = A2000000000000000000000F /* LoginView.swift */; };
		A1000000000000000000000F /* HomeView.swift in Sources */ = {isa = PBXBuildFile; fileRef = A20000000000000000000010 /* HomeView.swift */; };
		A10000000000000000000010 /* MapRouteView.swift in Sources */ = {isa = PBXBuildFile; fileRef = A20000000000000000000011 /* MapRouteView.swift */; };
		A10000000000000000000011 /* LeaveView.swift in Sources */ = {isa = PBXBuildFile; fileRef = A20000000000000000000012 /* LeaveView.swift */; };
		A10000000000000000000012 /* FootprintsView.swift in Sources */ = {isa = PBXBuildFile; fileRef = A20000000000000000000013 /* FootprintsView.swift */; };
		A10000000000000000000013 /* FaceCaptureView.swift in Sources */ = {isa = PBXBuildFile; fileRef = A20000000000000000000014 /* FaceCaptureView.swift */; };
		A10000000000000000000014 /* LocaleStore.swift in Sources */ = {isa = PBXBuildFile; fileRef = A20000000000000000000015 /* LocaleStore.swift */; };
		A10000000000000000000015 /* LocationFix.swift in Sources */ = {isa = PBXBuildFile; fileRef = A20000000000000000000016 /* LocationFix.swift */; };
		A10000000000000000000016 /* WebShellView.swift in Sources */ = {isa = PBXBuildFile; fileRef = A20000000000000000000017 /* WebShellView.swift */; };
		A10000000000000000000017 /* NativeFaceWebView.swift in Sources */ = {isa = PBXBuildFile; fileRef = A20000000000000000000018 /* NativeFaceWebView.swift */; };
/* End PBXBuildFile section */

/* Begin PBXFileReference section */
		A20000000000000000000001 /* AppDelegate.swift */ = {isa = PBXFileReference; lastKnownFileType = sourcecode.swift; path = AppDelegate.swift; sourceTree = "<group>"; };
		A20000000000000000000002 /* WebShellViewController.swift */ = {isa = PBXFileReference; lastKnownFileType = sourcecode.swift; path = WebShellViewController.swift; sourceTree = "<group>"; };
		A20000000000000000000003 /* AppConfig.swift */ = {isa = PBXFileReference; lastKnownFileType = sourcecode.swift; path = AppConfig.swift; sourceTree = "<group>"; };
		A20000000000000000000004 /* SessionStore.swift */ = {isa = PBXFileReference; lastKnownFileType = sourcecode.swift; path = SessionStore.swift; sourceTree = "<group>"; };
		A20000000000000000000005 /* SecurityHelper.swift */ = {isa = PBXFileReference; lastKnownFileType = sourcecode.swift; path = SecurityHelper.swift; sourceTree = "<group>"; };
		A20000000000000000000006 /* TrackingApi.swift */ = {isa = PBXFileReference; lastKnownFileType = sourcecode.swift; path = TrackingApi.swift; sourceTree = "<group>"; };
		A20000000000000000000007 /* LocationTracker.swift */ = {isa = PBXFileReference; lastKnownFileType = sourcecode.swift; path = LocationTracker.swift; sourceTree = "<group>"; };
		A20000000000000000000008 /* LaunchScreen.storyboard */ = {isa = PBXFileReference; lastKnownFileType = file.storyboard; path = LaunchScreen.storyboard; sourceTree = "<group>"; };
		A20000000000000000000009 /* Assets.xcassets */ = {isa = PBXFileReference; lastKnownFileType = folder.assetcatalog; path = Assets.xcassets; sourceTree = "<group>"; };
		A2000000000000000000000A /* PrivacyInfo.xcprivacy */ = {isa = PBXFileReference; lastKnownFileType = text.plist.xml; path = PrivacyInfo.xcprivacy; sourceTree = "<group>"; };
		A2000000000000000000000B /* Info.plist */ = {isa = PBXFileReference; lastKnownFileType = text.plist.xml; path = Info.plist; sourceTree = "<group>"; };
		A2000000000000000000000C /* AAPAttendanceApp.swift */ = {isa = PBXFileReference; lastKnownFileType = sourcecode.swift; path = AAPAttendanceApp.swift; sourceTree = "<group>"; };
		A2000000000000000000000D /* AapTheme.swift */ = {isa = PBXFileReference; lastKnownFileType = sourcecode.swift; path = AapTheme.swift; sourceTree = "<group>"; };
		A2000000000000000000000E /* ApiClient.swift */ = {isa = PBXFileReference; lastKnownFileType = sourcecode.swift; path = ApiClient.swift; sourceTree = "<group>"; };
		A2000000000000000000000F /* LoginView.swift */ = {isa = PBXFileReference; lastKnownFileType = sourcecode.swift; path = LoginView.swift; sourceTree = "<group>"; };
		A20000000000000000000010 /* HomeView.swift */ = {isa = PBXFileReference; lastKnownFileType = sourcecode.swift; path = HomeView.swift; sourceTree = "<group>"; };
		A20000000000000000000011 /* MapRouteView.swift */ = {isa = PBXFileReference; lastKnownFileType = sourcecode.swift; path = MapRouteView.swift; sourceTree = "<group>"; };
		A20000000000000000000012 /* LeaveView.swift */ = {isa = PBXFileReference; lastKnownFileType = sourcecode.swift; path = LeaveView.swift; sourceTree = "<group>"; };
		A20000000000000000000013 /* FootprintsView.swift */ = {isa = PBXFileReference; lastKnownFileType = sourcecode.swift; path = FootprintsView.swift; sourceTree = "<group>"; };
		A20000000000000000000014 /* FaceCaptureView.swift */ = {isa = PBXFileReference; lastKnownFileType = sourcecode.swift; path = FaceCaptureView.swift; sourceTree = "<group>"; };
		A20000000000000000000015 /* LocaleStore.swift */ = {isa = PBXFileReference; lastKnownFileType = sourcecode.swift; path = LocaleStore.swift; sourceTree = "<group>"; };
		A20000000000000000000016 /* LocationFix.swift */ = {isa = PBXFileReference; lastKnownFileType = sourcecode.swift; path = LocationFix.swift; sourceTree = "<group>"; };
		A20000000000000000000017 /* WebShellView.swift */ = {isa = PBXFileReference; lastKnownFileType = sourcecode.swift; path = WebShellView.swift; sourceTree = "<group>"; };
		A20000000000000000000018 /* NativeFaceWebView.swift */ = {isa = PBXFileReference; lastKnownFileType = sourcecode.swift; path = NativeFaceWebView.swift; sourceTree = "<group>"; };
		A30000000000000000000001 /* AAPAttendance.app */ = {isa = PBXFileReference; explicitFileType = wrapper.application; includeInIndex = 0; path = AAPAttendance.app; sourceTree = BUILT_PRODUCTS_DIR; };
/* End PBXFileReference section */

/* Begin PBXFrameworksBuildPhase section */
		A40000000000000000000001 /* Frameworks */ = {
			isa = PBXFrameworksBuildPhase;
			buildActionMask = 2147483647;
			files = (
			);
			runOnlyForDeploymentPostprocessing = 0;
		};
/* End PBXFrameworksBuildPhase section */

/* Begin PBXGroup section */
		A50000000000000000000001 = {
			isa = PBXGroup;
			children = (
				A50000000000000000000002 /* AAPAttendance */,
				A50000000000000000000003 /* Products */,
			);
			sourceTree = "<group>";
		};
		A50000000000000000000002 /* AAPAttendance */ = {
			isa = PBXGroup;
			children = (
				A2000000000000000000000C /* AAPAttendanceApp.swift */,
				A20000000000000000000001 /* AppDelegate.swift */,
				A2000000000000000000000D /* AapTheme.swift */,
				A2000000000000000000000E /* ApiClient.swift */,
				A2000000000000000000000F /* LoginView.swift */,
				A20000000000000000000010 /* HomeView.swift */,
				A20000000000000000000014 /* FaceCaptureView.swift */,
				A20000000000000000000018 /* NativeFaceWebView.swift */,
				A20000000000000000000011 /* MapRouteView.swift */,
				A20000000000000000000012 /* LeaveView.swift */,
				A20000000000000000000013 /* FootprintsView.swift */,
				A20000000000000000000015 /* LocaleStore.swift */,
				A20000000000000000000016 /* LocationFix.swift */,
				A20000000000000000000002 /* WebShellViewController.swift */,
				A20000000000000000000017 /* WebShellView.swift */,
				A20000000000000000000003 /* AppConfig.swift */,
				A20000000000000000000004 /* SessionStore.swift */,
				A20000000000000000000005 /* SecurityHelper.swift */,
				A20000000000000000000006 /* TrackingApi.swift */,
				A20000000000000000000007 /* LocationTracker.swift */,
				A20000000000000000000008 /* LaunchScreen.storyboard */,
				A20000000000000000000009 /* Assets.xcassets */,
				A2000000000000000000000A /* PrivacyInfo.xcprivacy */,
				A2000000000000000000000B /* Info.plist */,
			);
			path = AAPAttendance;
			sourceTree = "<group>";
		};
		A50000000000000000000003 /* Products */ = {
			isa = PBXGroup;
			children = (
				A30000000000000000000001 /* AAPAttendance.app */,
			);
			name = Products;
			sourceTree = "<group>";
		};
/* End PBXGroup section */

/* Begin PBXNativeTarget section */
		A60000000000000000000001 /* AAPAttendance */ = {
			isa = PBXNativeTarget;
			buildConfigurationList = A80000000000000000000002 /* Build configuration list for PBXNativeTarget "AAPAttendance" */;
			buildPhases = (
				A70000000000000000000001 /* Sources */,
				A40000000000000000000001 /* Frameworks */,
				A70000000000000000000002 /* Resources */,
			);
			buildRules = (
			);
			dependencies = (
			);
			name = AAPAttendance;
			productName = AAPAttendance;
			productReference = A30000000000000000000001 /* AAPAttendance.app */;
			productType = "com.apple.product-type.application";
		};
/* End PBXNativeTarget section */

/* Begin PBXProject section */
		A90000000000000000000001 /* Project object */ = {
			isa = PBXProject;
			attributes = {
				BuildIndependentTargetsInParallel = 1;
				LastSwiftUpdateCheck = 1540;
				LastUpgradeCheck = 1540;
				TargetAttributes = {
					A60000000000000000000001 = {
						CreatedOnToolsVersion = 15.4;
					};
				};
			};
			buildConfigurationList = A80000000000000000000001 /* Build configuration list for PBXProject "AAPAttendance" */;
			compatibilityVersion = "Xcode 14.0";
			developmentRegion = en;
			hasScannedForEncodings = 0;
			knownRegions = (
				en,
				Base,
			);
			mainGroup = A50000000000000000000001;
			productRefGroup = A50000000000000000000003 /* Products */;
			projectDirPath = "";
			projectRoot = "";
			targets = (
				A60000000000000000000001 /* AAPAttendance */,
			);
		};
/* End PBXProject section */

/* Begin PBXResourcesBuildPhase section */
		A70000000000000000000002 /* Resources */ = {
			isa = PBXResourcesBuildPhase;
			buildActionMask = 2147483647;
			files = (
				A10000000000000000000008 /* LaunchScreen.storyboard in Resources */,
				A10000000000000000000009 /* Assets.xcassets in Resources */,
				A1000000000000000000000A /* PrivacyInfo.xcprivacy in Resources */,
			);
			runOnlyForDeploymentPostprocessing = 0;
		};
/* End PBXResourcesBuildPhase section */

/* Begin PBXSourcesBuildPhase section */
		A70000000000000000000001 /* Sources */ = {
			isa = PBXSourcesBuildPhase;
			buildActionMask = 2147483647;
			files = (
				A1000000000000000000000B /* AAPAttendanceApp.swift in Sources */,
				A10000000000000000000001 /* AppDelegate.swift in Sources */,
				A1000000000000000000000C /* AapTheme.swift in Sources */,
				A1000000000000000000000D /* ApiClient.swift in Sources */,
				A1000000000000000000000E /* LoginView.swift in Sources */,
				A1000000000000000000000F /* HomeView.swift in Sources */,
				A10000000000000000000013 /* FaceCaptureView.swift in Sources */,
				A10000000000000000000017 /* NativeFaceWebView.swift in Sources */,
				A10000000000000000000010 /* MapRouteView.swift in Sources */,
				A10000000000000000000011 /* LeaveView.swift in Sources */,
				A10000000000000000000012 /* FootprintsView.swift in Sources */,
				A10000000000000000000014 /* LocaleStore.swift in Sources */,
				A10000000000000000000015 /* LocationFix.swift in Sources */,
				A10000000000000000000002 /* WebShellViewController.swift in Sources */,
				A10000000000000000000016 /* WebShellView.swift in Sources */,
				A10000000000000000000003 /* AppConfig.swift in Sources */,
				A10000000000000000000004 /* SessionStore.swift in Sources */,
				A10000000000000000000005 /* SecurityHelper.swift in Sources */,
				A10000000000000000000006 /* TrackingApi.swift in Sources */,
				A10000000000000000000007 /* LocationTracker.swift in Sources */,
			);
			runOnlyForDeploymentPostprocessing = 0;
		};
/* End PBXSourcesBuildPhase section */

/* Begin XCBuildConfiguration section */
		AA0000000000000000000001 /* Debug */ = {
			isa = XCBuildConfiguration;
			buildSettings = {
				ALWAYS_SEARCH_USER_PATHS = NO;
				CLANG_ENABLE_MODULES = YES;
				CLANG_ENABLE_OBJC_ARC = YES;
				COPY_PHASE_STRIP = NO;
				DEBUG_INFORMATION_FORMAT = dwarf;
				ENABLE_TESTABILITY = YES;
				GCC_DYNAMIC_NO_PIC = NO;
				IPHONEOS_DEPLOYMENT_TARGET = 15.0;
				MTL_ENABLE_DEBUG_INFO = INCLUDE_SOURCE;
				ONLY_ACTIVE_ARCH = YES;
				SDKROOT = iphoneos;
				SWIFT_ACTIVE_COMPILATION_CONDITIONS = DEBUG;
				SWIFT_OPTIMIZATION_LEVEL = "-Onone";
			};
			name = Debug;
		};
		AA0000000000000000000002 /* Release */ = {
			isa = XCBuildConfiguration;
			buildSettings = {
				ALWAYS_SEARCH_USER_PATHS = NO;
				CLANG_ENABLE_MODULES = YES;
				CLANG_ENABLE_OBJC_ARC = YES;
				COPY_PHASE_STRIP = NO;
				DEBUG_INFORMATION_FORMAT = "dwarf-with-dsym";
				IPHONEOS_DEPLOYMENT_TARGET = 15.0;
				MTL_ENABLE_DEBUG_INFO = NO;
				SDKROOT = iphoneos;
				SWIFT_COMPILATION_MODE = wholemodule;
				SWIFT_OPTIMIZATION_LEVEL = "-O";
				VALIDATE_PRODUCT = YES;
			};
			name = Release;
		};
		AA0000000000000000000003 /* Debug */ = {
			isa = XCBuildConfiguration;
			buildSettings = {
				ASSETCATALOG_COMPILER_APPICON_NAME = AppIcon;
				ASSETCATALOG_COMPILER_GENERATE_ASSET_SYMBOLS = NO;
				CODE_SIGN_STYLE = Automatic;
				CURRENT_PROJECT_VERSION = 7;
				DEVELOPMENT_TEAM = 33AW34RHHQ;
				GENERATE_INFOPLIST_FILE = NO;
				INFOPLIST_FILE = AAPAttendance/Info.plist;
				INFOPLIST_KEY_CFBundleDisplayName = "AAP Attendance";
				INFOPLIST_KEY_LSApplicationCategoryType = "public.app-category.business";
				IPHONEOS_DEPLOYMENT_TARGET = 15.0;
				LD_RUNPATH_SEARCH_PATHS = "$(inherited) @executable_path/Frameworks";
				MARKETING_VERSION = 1.4.0;
				PRODUCT_BUNDLE_IDENTIFIER = in.videh.filedtracker.attendance;
				PRODUCT_NAME = "$(TARGET_NAME)";
				SUPPORTED_PLATFORMS = "iphoneos iphonesimulator";
				SUPPORTS_MACCATALYST = NO;
				SWIFT_EMIT_LOC_STRINGS = YES;
				SWIFT_VERSION = 5.0;
				TARGETED_DEVICE_FAMILY = 1;
			};
			name = Debug;
		};
		AA0000000000000000000004 /* Release */ = {
			isa = XCBuildConfiguration;
			buildSettings = {
				ASSETCATALOG_COMPILER_APPICON_NAME = AppIcon;
				ASSETCATALOG_COMPILER_GENERATE_ASSET_SYMBOLS = NO;
				CODE_SIGN_STYLE = Automatic;
				CURRENT_PROJECT_VERSION = 7;
				DEVELOPMENT_TEAM = 33AW34RHHQ;
				GENERATE_INFOPLIST_FILE = NO;
				INFOPLIST_FILE = AAPAttendance/Info.plist;
				INFOPLIST_KEY_CFBundleDisplayName = "AAP Attendance";
				INFOPLIST_KEY_LSApplicationCategoryType = "public.app-category.business";
				IPHONEOS_DEPLOYMENT_TARGET = 15.0;
				LD_RUNPATH_SEARCH_PATHS = "$(inherited) @executable_path/Frameworks";
				MARKETING_VERSION = 1.4.0;
				PRODUCT_BUNDLE_IDENTIFIER = in.videh.filedtracker.attendance;
				PRODUCT_NAME = "$(TARGET_NAME)";
				SUPPORTED_PLATFORMS = "iphoneos iphonesimulator";
				SUPPORTS_MACCATALYST = NO;
				SWIFT_EMIT_LOC_STRINGS = YES;
				SWIFT_VERSION = 5.0;
				TARGETED_DEVICE_FAMILY = 1;
			};
			name = Release;
		};
/* End XCBuildConfiguration section */

/* Begin XCConfigurationList section */
		A80000000000000000000001 /* Build configuration list for PBXProject "AAPAttendance" */ = {
			isa = XCConfigurationList;
			buildConfigurations = (
				AA0000000000000000000001 /* Debug */,
				AA0000000000000000000002 /* Release */,
			);
			defaultConfigurationIsVisible = 0;
			defaultConfigurationName = Release;
		};
		A80000000000000000000002 /* Build configuration list for PBXNativeTarget "AAPAttendance" */ = {
			isa = XCConfigurationList;
			buildConfigurations = (
				AA0000000000000000000003 /* Debug */,
				AA0000000000000000000004 /* Release */,
			);
			defaultConfigurationIsVisible = 0;
			defaultConfigurationName = Release;
		};
/* End XCConfigurationList section */
	};
	rootObject = A90000000000000000000001 /* Project object */;
}
